
Microsoft Visual Studio Solution File, Format Version 12.00
# Visual Studio Version 17
VisualStudioVersion = 17.0.32112.339
MinimumVisualStudioVersion = 10.0.40219.1
Project("{54A90642-561A-4BB1-A94E-469ADEE60C69}") = "HideAndSeek", "HideAndSeek\HideAndSeek.esproj", "{F982F81C-18A6-4EF5-A851-8AA09E88775B}"
EndProject
Project("{9A19103F-16F7-4668-BE54-9A1E7A4F7556}") = "Application", "Application\Application.csproj", "{1637AB20-9FC5-4424-A52A-B1DBA085757A}"
EndProject
Global
	GlobalSection(SolutionConfigurationPlatforms) = preSolution
		Debug|Any CPU = Debug|Any CPU
		Release|Any CPU = Release|Any CPU
	EndGlobalSection
	GlobalSection(ProjectConfigurationPlatforms) = postSolution
		{F982F81C-18A6-4EF5-A851-8AA09E88775B}.Debug|Any CPU.ActiveCfg = Debug|Any CPU
		{F982F81C-18A6-4EF5-A851-8AA09E88775B}.Debug|Any CPU.Build.0 = Debug|Any CPU
		{F982F81C-18A6-4EF5-A851-8AA09E88775B}.Debug|Any CPU.Deploy.0 = Debug|Any CPU
		{F982F81C-18A6-4EF5-A851-8AA09E88775B}.Release|Any CPU.ActiveCfg = Release|Any CPU
		{F982F81C-18A6-4EF5-A851-8AA09E88775B}.Release|Any CPU.Build.0 = Release|Any CPU
		{F982F81C-18A6-4EF5-A851-8AA09E88775B}.Release|Any CPU.Deploy.0 = Release|Any CPU
		{1637AB20-9FC5-4424-A52A-B1DBA085757A}.Debug|Any CPU.ActiveCfg = Debug|Any CPU
		{1637AB20-9FC5-4424-A52A-B1DBA085757A}.Debug|Any CPU.Build.0 = Debug|Any CPU
		{1637AB20-9FC5-4424-A52A-B1DBA085757A}.Release|Any CPU.ActiveCfg = Release|Any CPU
		{1637AB20-9FC5-4424-A52A-B1DBA085757A}.Release|Any CPU.Build.0 = Release|Any CPU
	EndGlobalSection
	GlobalSection(SolutionProperties) = preSolution
		HideSolutionNode = FALSE
	EndGlobalSection
	GlobalSection(ExtensibilityGlobals) = postSolution
		SolutionGuid = {34754BC0-DA08-4813-8C56-480FF8A12147}
	EndGlobalSection
EndGlobal
